{
  "version": 4,
  "terraform_version": "1.10.5",
  "serial": 13,
  "lineage": "ecb17023-5be3-0417-0257-d69d5fb3815b",
  "outputs": {},
  "resources": [
    {
      "mode": "managed",
      "type": "yandex_compute_instance",
      "name": "manual_vm",
      "provider": "provider[\"registry.terraform.io/yandex-cloud/yandex\"]",
      "instances": [
        {
          "schema_version": 1,
          "attributes": {
            "allow_recreate": null,
            "allow_stopping_for_update": null,
            "boot_disk": [
              {
                "auto_delete": true,
                "device_name": "fhmm0mjhr0da2phdii5p",
                "disk_id": "fhmm0mjhr0da2phdii5p",
                "initialize_params": [
                  {
                    "block_size": 4096,
                    "description": "",
                    "image_id": "fd89sohb28dqsoq35u7j",
                    "kms_key_id": "",
                    "name": "",
                    "size": 8,
                    "snapshot_id": "",
                    "type": "network-hdd"
                  }
                ],
                "mode": "READ_WRITE"
              }
            ],
            "created_at": "2025-02-16T00:54:46Z",
            "description": "",
            "filesystem": [],
            "folder_id": "b1g50aj68447h8te2uoi",
            "fqdn": "fhm2rmm53osgs57572p8.auto.internal",
            "gpu_cluster_id": "",
            "hardware_generation": [
              {
                "generation2_features": [],
                "legacy_features": [
                  {
                    "pci_topology": "PCI_TOPOLOGY_V1"
                  }
                ]
              }
            ],
            "hostname": "",
            "id": "fhm2rmm53osgs57572p8",
            "labels": null,
            "local_disk": [],
            "maintenance_grace_period": "",
            "maintenance_policy": null,
            "metadata": {
              "ssh-keys": "ubuntu:ssh-rsa AAAAB3NzaC1yc2EAAAADAQABAAABAQDKMfmuMy3+EzpBsYVg5zj4hRMQEJ1hupe48LsEd/Wkc3qc7TLTit/R7UbtDMWuOE+n4sFOcdCC6alACGyE+kLFhQgJkl5yL8lDvlZM8aft8kaImWgjgFsoveP/zoLB0uFA4pLRyAmdIUkJjYBILGfPDA10iFGXc30tYvt2dC73dbDL0KW5AUKHe6iXOVxgNYYJ6MYBS6m0/fAiNNWkLD/ew1SN4YKKEZYaoNT1M8x58x505VVp3UaxJzwGZ6AGCmGoGbo9iHsN/feFmmVhAvSwbCmSQW8Z3M8LpVX0YqyO8oyrzVAY7gcEBbdBoKOcKV08Q4BF3kkri+C/a6V6iZ23 vagrant@server\n"
            },
            "metadata_options": [
              {
                "aws_v1_http_endpoint": 1,
                "aws_v1_http_token": 2,
                "gce_http_endpoint": 1,
                "gce_http_token": 1
              }
            ],
            "name": "manually-created-vm",
            "network_acceleration_type": "standard",
            "network_interface": [
              {
                "dns_record": [],
                "index": 0,
                "ip_address": "192.168.1.10",
                "ipv4": true,
                "ipv6": false,
                "ipv6_address": "",
                "ipv6_dns_record": [],
                "mac_address": "d0:0d:2d:da:c5:1e",
                "nat": false,
                "nat_dns_record": [],
                "nat_ip_address": "",
                "nat_ip_version": "",
                "security_group_ids": [
                  "enplvlh6m3q9ug90kl4u"
                ],
                "subnet_id": "e9bkqb9rjf9jjlmhcjdi"
              }
            ],
            "placement_policy": [
              {
                "host_affinity_rules": [],
                "placement_group_id": "",
                "placement_group_partition": 0
              }
            ],
            "platform_id": "standard-v2",
            "resources": [
              {
                "core_fraction": 100,
                "cores": 2,
                "gpus": 0,
                "memory": 2
              }
            ],
            "scheduling_policy": [
              {
                "preemptible": false
              }
            ],
            "secondary_disk": [],
            "service_account_id": "",
            "status": "running",
            "timeouts": null,
            "zone": "ru-central1-a"
          },
          "sensitive_attributes": [],
          "private": "eyJlMmJmYjczMC1lY2FhLTExZTYtOGY4OC0zNDM2M2JjN2M0YzAiOnsiY3JlYXRlIjozMDAwMDAwMDAwMDAsImRlbGV0ZSI6MzAwMDAwMDAwMDAwLCJ1cGRhdGUiOjMwMDAwMDAwMDAwMH0sInNjaGVtYV92ZXJzaW9uIjoiMSJ9",
          "dependencies": [
            "yandex_vpc_network.default",
            "yandex_vpc_security_group.private-sg",
            "yandex_vpc_subnet.private"
          ]
        }
      ]
    },
    {
      "mode": "managed",
      "type": "yandex_compute_instance",
      "name": "private_vm",
      "provider": "provider[\"registry.terraform.io/yandex-cloud/yandex\"]",
      "instances": [
        {
          "schema_version": 1,
          "attributes": {
            "allow_recreate": null,
            "allow_stopping_for_update": null,
            "boot_disk": [
              {
                "auto_delete": true,
                "device_name": "fhm4rjf0oj05lqrmipop",
                "disk_id": "fhm4rjf0oj05lqrmipop",
                "initialize_params": [
                  {
                    "block_size": 4096,
                    "description": "",
                    "image_id": "fd89sohb28dqsoq35u7j",
                    "kms_key_id": "",
                    "name": "",
                    "size": 8,
                    "snapshot_id": "",
                    "type": "network-hdd"
                  }
                ],
                "mode": "READ_WRITE"
              }
            ],
            "created_at": "2025-02-16T00:54:46Z",
            "description": "",
            "filesystem": [],
            "folder_id": "b1g50aj68447h8te2uoi",
            "fqdn": "fhmkse2ah77q208abpu0.auto.internal",
            "gpu_cluster_id": "",
            "hardware_generation": [
              {
                "generation2_features": [],
                "legacy_features": [
                  {
                    "pci_topology": "PCI_TOPOLOGY_V1"
                  }
                ]
              }
            ],
            "hostname": "",
            "id": "fhmkse2ah77q208abpu0",
            "labels": null,
            "local_disk": [],
            "maintenance_grace_period": "",
            "maintenance_policy": null,
            "metadata": {
              "ssh-keys": "ubuntu:ssh-rsa AAAAB3NzaC1yc2EAAAADAQABAAABAQDKMfmuMy3+EzpBsYVg5zj4hRMQEJ1hupe48LsEd/Wkc3qc7TLTit/R7UbtDMWuOE+n4sFOcdCC6alACGyE+kLFhQgJkl5yL8lDvlZM8aft8kaImWgjgFsoveP/zoLB0uFA4pLRyAmdIUkJjYBILGfPDA10iFGXc30tYvt2dC73dbDL0KW5AUKHe6iXOVxgNYYJ6MYBS6m0/fAiNNWkLD/ew1SN4YKKEZYaoNT1M8x58x505VVp3UaxJzwGZ6AGCmGoGbo9iHsN/feFmmVhAvSwbCmSQW8Z3M8LpVX0YqyO8oyrzVAY7gcEBbdBoKOcKV08Q4BF3kkri+C/a6V6iZ23 vagrant@server\n"
            },
            "metadata_options": [
              {
                "aws_v1_http_endpoint": 1,
                "aws_v1_http_token": 2,
                "gce_http_endpoint": 1,
                "gce_http_token": 1
              }
            ],
            "name": "private-vm",
            "network_acceleration_type": "standard",
            "network_interface": [
              {
                "dns_record": [],
                "index": 0,
                "ip_address": "192.168.1.33",
                "ipv4": true,
                "ipv6": false,
                "ipv6_address": "",
                "ipv6_dns_record": [],
                "mac_address": "d0:0d:14:e3:84:a8",
                "nat": false,
                "nat_dns_record": [],
                "nat_ip_address": "",
                "nat_ip_version": "",
                "security_group_ids": [
                  "enplvlh6m3q9ug90kl4u"
                ],
                "subnet_id": "e9bkqb9rjf9jjlmhcjdi"
              }
            ],
            "placement_policy": [
              {
                "host_affinity_rules": [],
                "placement_group_id": "",
                "placement_group_partition": 0
              }
            ],
            "platform_id": "standard-v2",
            "resources": [
              {
                "core_fraction": 100,
                "cores": 2,
                "gpus": 0,
                "memory": 2
              }
            ],
            "scheduling_policy": [
              {
                "preemptible": false
              }
            ],
            "secondary_disk": [],
            "service_account_id": "",
            "status": "running",
            "timeouts": null,
            "zone": "ru-central1-a"
          },
          "sensitive_attributes": [],
          "private": "eyJlMmJmYjczMC1lY2FhLTExZTYtOGY4OC0zNDM2M2JjN2M0YzAiOnsiY3JlYXRlIjozMDAwMDAwMDAwMDAsImRlbGV0ZSI6MzAwMDAwMDAwMDAwLCJ1cGRhdGUiOjMwMDAwMDAwMDAwMH0sInNjaGVtYV92ZXJzaW9uIjoiMSJ9",
          "dependencies": [
            "yandex_vpc_network.default",
            "yandex_vpc_security_group.private-sg",
            "yandex_vpc_subnet.private"
          ]
        }
      ]
    },
    {
      "mode": "managed",
      "type": "yandex_compute_instance",
      "name": "public_vm",
      "provider": "provider[\"registry.terraform.io/yandex-cloud/yandex\"]",
      "instances": [
        {
          "schema_version": 1,
          "attributes": {
            "allow_recreate": null,
            "allow_stopping_for_update": null,
            "boot_disk": [
              {
                "auto_delete": true,
                "device_name": "fhm90uj6ul0qs14gq90p",
                "disk_id": "fhm90uj6ul0qs14gq90p",
                "initialize_params": [
                  {
                    "block_size": 4096,
                    "description": "",
                    "image_id": "fd89sohb28dqsoq35u7j",
                    "kms_key_id": "",
                    "name": "",
                    "size": 8,
                    "snapshot_id": "",
                    "type": "network-hdd"
                  }
                ],
                "mode": "READ_WRITE"
              }
            ],
            "created_at": "2025-02-16T00:54:46Z",
            "description": "",
            "filesystem": [],
            "folder_id": "b1g50aj68447h8te2uoi",
            "fqdn": "fhm6iht200gae3l1ic43.auto.internal",
            "gpu_cluster_id": "",
            "hardware_generation": [
              {
                "generation2_features": [],
                "legacy_features": [
                  {
                    "pci_topology": "PCI_TOPOLOGY_V1"
                  }
                ]
              }
            ],
            "hostname": "",
            "id": "fhm6iht200gae3l1ic43",
            "labels": null,
            "local_disk": [],
            "maintenance_grace_period": "",
            "maintenance_policy": null,
            "metadata": {
              "ssh-keys": "ubuntu:ssh-rsa AAAAB3NzaC1yc2EAAAADAQABAAABAQDKMfmuMy3+EzpBsYVg5zj4hRMQEJ1hupe48LsEd/Wkc3qc7TLTit/R7UbtDMWuOE+n4sFOcdCC6alACGyE+kLFhQgJkl5yL8lDvlZM8aft8kaImWgjgFsoveP/zoLB0uFA4pLRyAmdIUkJjYBILGfPDA10iFGXc30tYvt2dC73dbDL0KW5AUKHe6iXOVxgNYYJ6MYBS6m0/fAiNNWkLD/ew1SN4YKKEZYaoNT1M8x58x505VVp3UaxJzwGZ6AGCmGoGbo9iHsN/feFmmVhAvSwbCmSQW8Z3M8LpVX0YqyO8oyrzVAY7gcEBbdBoKOcKV08Q4BF3kkri+C/a6V6iZ23 vagrant@server\n"
            },
            "metadata_options": [
              {
                "aws_v1_http_endpoint": 1,
                "aws_v1_http_token": 2,
                "gce_http_endpoint": 1,
                "gce_http_token": 1
              }
            ],
            "name": "public-vm",
            "network_acceleration_type": "standard",
            "network_interface": [
              {
                "dns_record": [],
                "index": 0,
                "ip_address": "192.168.0.16",
                "ipv4": true,
                "ipv6": false,
                "ipv6_address": "",
                "ipv6_dns_record": [],
                "mac_address": "d0:0d:69:47:a2:00",
                "nat": true,
                "nat_dns_record": [],
                "nat_ip_address": "89.169.136.27",
                "nat_ip_version": "IPV4",
                "security_group_ids": [
                  "enpgv008nm2fkg3bl9nk"
                ],
                "subnet_id": "e9buqccstbg3qobhbsoc"
              }
            ],
            "placement_policy": [
              {
                "host_affinity_rules": [],
                "placement_group_id": "",
                "placement_group_partition": 0
              }
            ],
            "platform_id": "standard-v2",
            "resources": [
              {
                "core_fraction": 100,
                "cores": 2,
                "gpus": 0,
                "memory": 2
              }
            ],
            "scheduling_policy": [
              {
                "preemptible": false
              }
            ],
            "secondary_disk": [],
            "service_account_id": "",
            "status": "running",
            "timeouts": null,
            "zone": "ru-central1-a"
          },
          "sensitive_attributes": [],
          "private": "eyJlMmJmYjczMC1lY2FhLTExZTYtOGY4OC0zNDM2M2JjN2M0YzAiOnsiY3JlYXRlIjozMDAwMDAwMDAwMDAsImRlbGV0ZSI6MzAwMDAwMDAwMDAwLCJ1cGRhdGUiOjMwMDAwMDAwMDAwMH0sInNjaGVtYV92ZXJzaW9uIjoiMSJ9",
          "dependencies": [
            "yandex_vpc_network.default",
            "yandex_vpc_security_group.public-sg",
            "yandex_vpc_subnet.public"
          ]
        }
      ]
    },
    {
      "mode": "managed",
      "type": "yandex_vpc_network",
      "name": "default",
      "provider": "provider[\"registry.terraform.io/yandex-cloud/yandex\"]",
      "instances": [
        {
          "schema_version": 0,
          "attributes": {
            "created_at": "2025-02-16T00:52:49Z",
            "default_security_group_id": "enpu0ln8p2qkpj26958h",
            "description": "",
            "folder_id": "b1g50aj68447h8te2uoi",
            "id": "enpdiodabip84et65v71",
            "labels": {},
            "name": "devops-vpc-network",
            "subnet_ids": [
              "e9bkqb9rjf9jjlmhcjdi",
              "e9buqccstbg3qobhbsoc"
            ],
            "timeouts": null
          },
          "sensitive_attributes": [],
          "private": "eyJlMmJmYjczMC1lY2FhLTExZTYtOGY4OC0zNDM2M2JjN2M0YzAiOnsiY3JlYXRlIjo2MDAwMDAwMDAwMCwiZGVsZXRlIjo2MDAwMDAwMDAwMCwidXBkYXRlIjo2MDAwMDAwMDAwMH19"
        }
      ]
    },
    {
      "mode": "managed",
      "type": "yandex_vpc_security_group",
      "name": "private-sg",
      "provider": "provider[\"registry.terraform.io/yandex-cloud/yandex\"]",
      "instances": [
        {
          "schema_version": 0,
          "attributes": {
            "created_at": "2025-02-16T00:52:53Z",
            "description": "Allows SSH and 8080 connections in private subnet",
            "egress": [
              {
                "description": "Allow all outbound traffic",
                "from_port": -1,
                "id": "enpvvii9f1dvps0f19p9",
                "labels": {},
                "port": -1,
                "predefined_target": "",
                "protocol": "ANY",
                "security_group_id": "",
                "to_port": -1,
                "v4_cidr_blocks": [
                  "0.0.0.0/0"
                ],
                "v6_cidr_blocks": []
              }
            ],
            "folder_id": "b1g50aj68447h8te2uoi",
            "id": "enplvlh6m3q9ug90kl4u",
            "ingress": [
              {
                "description": "Allow SSH connections",
                "from_port": -1,
                "id": "enpf4260sqvj4llke08d",
                "labels": {},
                "port": 22,
                "predefined_target": "",
                "protocol": "TCP",
                "security_group_id": "",
                "to_port": -1,
                "v4_cidr_blocks": [
                  "10.0.0.0/8"
                ],
                "v6_cidr_blocks": []
              },
              {
                "description": "Allow connections on port 8080",
                "from_port": -1,
                "id": "enpmnvrgs1tr9mqbj0vu",
                "labels": {},
                "port": 8080,
                "predefined_target": "",
                "protocol": "TCP",
                "security_group_id": "",
                "to_port": -1,
                "v4_cidr_blocks": [
                  "10.0.0.0/8"
                ],
                "v6_cidr_blocks": []
              }
            ],
            "labels": {
              "environment": "private"
            },
            "name": "private-security-group",
            "network_id": "enpdiodabip84et65v71",
            "status": "ACTIVE",
            "timeouts": null
          },
          "sensitive_attributes": [],
          "private": "eyJlMmJmYjczMC1lY2FhLTExZTYtOGY4OC0zNDM2M2JjN2M0YzAiOnsiY3JlYXRlIjoxODAwMDAwMDAwMDAsImRlbGV0ZSI6MTgwMDAwMDAwMDAwLCJ1cGRhdGUiOjE4MDAwMDAwMDAwMH19",
          "dependencies": [
            "yandex_vpc_network.default"
          ]
        }
      ]
    },
    {
      "mode": "managed",
      "type": "yandex_vpc_security_group",
      "name": "public-sg",
      "provider": "provider[\"registry.terraform.io/yandex-cloud/yandex\"]",
      "instances": [
        {
          "schema_version": 0,
          "attributes": {
            "created_at": "2025-02-16T00:52:55Z",
            "description": "Allows SSH, HTTP, and HTTPS connections",
            "egress": [
              {
                "description": "Allow all outbound traffic",
                "from_port": -1,
                "id": "enptcjoj4o358bgmd3vh",
                "labels": {},
                "port": -1,
                "predefined_target": "",
                "protocol": "ANY",
                "security_group_id": "",
                "to_port": -1,
                "v4_cidr_blocks": [
                  "0.0.0.0/0"
                ],
                "v6_cidr_blocks": []
              }
            ],
            "folder_id": "b1g50aj68447h8te2uoi",
            "id": "enpgv008nm2fkg3bl9nk",
            "ingress": [
              {
                "description": "Allow HTTP connections",
                "from_port": -1,
                "id": "enp2hklpfpjfb1d0qumd",
                "labels": {},
                "port": 80,
                "predefined_target": "",
                "protocol": "TCP",
                "security_group_id": "",
                "to_port": -1,
                "v4_cidr_blocks": [
                  "0.0.0.0/0"
                ],
                "v6_cidr_blocks": []
              },
              {
                "description": "Allow HTTPS connections",
                "from_port": -1,
                "id": "enpg86fil6h94aelr98j",
                "labels": {},
                "port": 443,
                "predefined_target": "",
                "protocol": "TCP",
                "security_group_id": "",
                "to_port": -1,
                "v4_cidr_blocks": [
                  "0.0.0.0/0"
                ],
                "v6_cidr_blocks": []
              },
              {
                "description": "Allow SSH connections",
                "from_port": -1,
                "id": "enpc89iitalq8u12nhhp",
                "labels": {},
                "port": 22,
                "predefined_target": "",
                "protocol": "TCP",
                "security_group_id": "",
                "to_port": -1,
                "v4_cidr_blocks": [
                  "0.0.0.0/0"
                ],
                "v6_cidr_blocks": []
              }
            ],
            "labels": {},
            "name": "public-security-group",
            "network_id": "enpdiodabip84et65v71",
            "status": "ACTIVE",
            "timeouts": null
          },
          "sensitive_attributes": [],
          "private": "eyJlMmJmYjczMC1lY2FhLTExZTYtOGY4OC0zNDM2M2JjN2M0YzAiOnsiY3JlYXRlIjoxODAwMDAwMDAwMDAsImRlbGV0ZSI6MTgwMDAwMDAwMDAwLCJ1cGRhdGUiOjE4MDAwMDAwMDAwMH19",
          "dependencies": [
            "yandex_vpc_network.default"
          ]
        }
      ]
    },
    {
      "mode": "managed",
      "type": "yandex_vpc_subnet",
      "name": "private",
      "provider": "provider[\"registry.terraform.io/yandex-cloud/yandex\"]",
      "instances": [
        {
          "schema_version": 0,
          "attributes": {
            "created_at": "2025-02-16T00:52:52Z",
            "description": "",
            "dhcp_options": [],
            "folder_id": "b1g50aj68447h8te2uoi",
            "id": "e9bkqb9rjf9jjlmhcjdi",
            "labels": {},
            "name": "private-subnet",
            "network_id": "enpdiodabip84et65v71",
            "route_table_id": "",
            "timeouts": null,
            "v4_cidr_blocks": [
              "192.168.1.0/24"
            ],
            "v6_cidr_blocks": [],
            "zone": "ru-central1-a"
          },
          "sensitive_attributes": [],
          "private": "eyJlMmJmYjczMC1lY2FhLTExZTYtOGY4OC0zNDM2M2JjN2M0YzAiOnsiY3JlYXRlIjoxODAwMDAwMDAwMDAsImRlbGV0ZSI6MTgwMDAwMDAwMDAwLCJ1cGRhdGUiOjE4MDAwMDAwMDAwMH19",
          "dependencies": [
            "yandex_vpc_network.default"
          ]
        }
      ]
    },
    {
      "mode": "managed",
      "type": "yandex_vpc_subnet",
      "name": "public",
      "provider": "provider[\"registry.terraform.io/yandex-cloud/yandex\"]",
      "instances": [
        {
          "schema_version": 0,
          "attributes": {
            "created_at": "2025-02-16T00:52:51Z",
            "description": "",
            "dhcp_options": [],
            "folder_id": "b1g50aj68447h8te2uoi",
            "id": "e9buqccstbg3qobhbsoc",
            "labels": {},
            "name": "public-subnet",
            "network_id": "enpdiodabip84et65v71",
            "route_table_id": "",
            "timeouts": null,
            "v4_cidr_blocks": [
              "192.168.0.0/24"
            ],
            "v6_cidr_blocks": [],
            "zone": "ru-central1-a"
          },
          "sensitive_attributes": [],
          "private": "eyJlMmJmYjczMC1lY2FhLTExZTYtOGY4OC0zNDM2M2JjN2M0YzAiOnsiY3JlYXRlIjoxODAwMDAwMDAwMDAsImRlbGV0ZSI6MTgwMDAwMDAwMDAwLCJ1cGRhdGUiOjE4MDAwMDAwMDAwMH19",
          "dependencies": [
            "yandex_vpc_network.default"
          ]
        }
      ]
    }
  ],
  "check_results": null
}
